// !$*UTF8*$!
{
	archiveVersion = 1;
	classes = {
	};
	objectVersion = 50;
	objects = {

/* Begin PBXBuildFile section */
		F66C805E260CB903002BD3E4 /* helpFuncs.swift in Sources */ = {isa = PBXBuildFile; fileRef = F66C805D260CB903002BD3E4 /* helpFuncs.swift */; };
		F6A4076F260B88AC00974FFD /* Picture.swift in Sources */ = {isa = PBXBuildFile; fileRef = F6A4076E260B88AC00974FFD /* Picture.swift */; };
		F6CD9712260B650E00A5AFF0 /* AppDelegate.swift in Sources */ = {isa = PBXBuildFile; fileRef = F6CD9711260B650E00A5AFF0 /* AppDelegate.swift */; };
		F6CD9714260B650E00A5AFF0 /* SceneDelegate.swift in Sources */ = {isa = PBXBuildFile; fileRef = F6CD9713260B650E00A5AFF0 /* SceneDelegate.swift */; };
		F6CD9716260B650E00A5AFF0 /* ViewController.swift in Sources */ = {isa = PBXBuildFile; fileRef = F6CD9715260B650E00A5AFF0 /* ViewController.swift */; };
		F6CD9719260B650E00A5AFF0 /* Main.storyboard in Resources */ = {isa = PBXBuildFile; fileRef = F6CD9717260B650E00A5AFF0 /* Main.storyboard */; };
		F6CD971B260B650E00A5AFF0 /* Assets.xcassets in Resources */ = {isa = PBXBuildFile; fileRef = F6CD971A260B650E00A5AFF0 /* Assets.xcassets */; };
		F6CD971E260B650E00A5AFF0 /* LaunchScreen.storyboard in Resources */ = {isa = PBXBuildFile; fileRef = F6CD971C260B650E00A5AFF0 /* LaunchScreen.storyboard */; };
		F6CD9727260B685300A5AFF0 /* DetailViewController.swift in Sources */ = {isa = PBXBuildFile; fileRef = F6CD9726260B685300A5AFF0 /* DetailViewController.swift */; };
/* End PBXBuildFile section */

/* Begin PBXFileReference section */
		F66C805D260CB903002BD3E4 /* helpFuncs.swift */ = {isa = PBXFileReference; lastKnownFileType = sourcecode.swift; path = helpFuncs.swift; sourceTree = "<group>"; };
		F6A4076E260B88AC00974FFD /* Picture.swift */ = {isa = PBXFileReference; lastKnownFileType = sourcecode.swift; path = Picture.swift; sourceTree = "<group>"; };
		F6CD970E260B650D00A5AFF0 /* milestone10-12.app */ = {isa = PBXFileReference; explicitFileType = wrapper.application; includeInIndex = 0; path = "milestone10-12.app"; sourceTree = BUILT_PRODUCTS_DIR; };
		F6CD9711260B650E00A5AFF0 /* AppDelegate.swift */ = {isa = PBXFileReference; lastKnownFileType = sourcecode.swift; path = AppDelegate.swift; sourceTree = "<group>"; };
		F6CD9713260B650E00A5AFF0 /* SceneDelegate.swift */ = {isa = PBXFileReference; lastKnownFileType = sourcecode.swift; path = SceneDelegate.swift; sourceTree = "<group>"; };
		F6CD9715260B650E00A5AFF0 /* ViewController.swift */ = {isa = PBXFileReference; lastKnownFileType = sourcecode.swift; path = ViewController.swift; sourceTree = "<group>"; };
		F6CD9718260B650E00A5AFF0 /* Base */ = {isa = PBXFileReference; lastKnownFileType = file.storyboard; name = Base; path = Base.lproj/Main.storyboard; sourceTree = "<group>"; };
		F6CD971A260B650E00A5AFF0 /* Assets.xcassets */ = {isa = PBXFileReference; lastKnownFileType = folder.assetcatalog; path = Assets.xcassets; sourceTree = "<group>"; };
		F6CD971D260B650E00A5AFF0 /* Base */ = {isa = PBXFileReference; lastKnownFileType = file.storyboard; name = Base; path = Base.lproj/LaunchScreen.storyboard; sourceTree = "<group>"; };
		F6CD971F260B650E00A5AFF0 /* Info.plist */ = {isa = PBXFileReference; lastKnownFileType = text.plist.xml; path = Info.plist; sourceTree = "<group>"; };
		F6CD9726260B685300A5AFF0 /* DetailViewController.swift */ = {isa = PBXFileReference; lastKnownFileType = sourcecode.swift; path = DetailViewController.swift; sourceTree = "<group>"; };
/* End PBXFileReference section */

/* Begin PBXFrameworksBuildPhase section */
		F6CD970B260B650D00A5AFF0 /* Frameworks */ = {
			isa = PBXFrameworksBuildPhase;
			buildActionMask = 2147483647;
			files = (
			);
			runOnlyForDeploymentPostprocessing = 0;
		};
/* End PBXFrameworksBuildPhase section */

/* Begin PBXGroup section */
		F6CD9705260B650D00A5AFF0 = {
			isa = PBXGroup;
			children = (
				F6CD9710260B650D00A5AFF0 /* milestone10-12 */,
				F6CD970F260B650D00A5AFF0 /* Products */,
			);
			sourceTree = "<group>";
		};
		F6CD970F260B650D00A5AFF0 /* Products */ = {
			isa = PBXGroup;
			children = (
				F6CD970E260B650D00A5AFF0 /* milestone10-12.app */,
			);
			name = Products;
			sourceTree = "<group>";
		};
		F6CD9710260B650D00A5AFF0 /* milestone10-12 */ = {
			isa = PBXGroup;
			children = (
				F6CD9711260B650E00A5AFF0 /* AppDelegate.swift */,
				F6CD9713260B650E00A5AFF0 /* SceneDelegate.swift */,
				F6CD9715260B650E00A5AFF0 /* ViewController.swift */,
				F66C805D260CB903002BD3E4 /* helpFuncs.swift */,
				F6CD9726260B685300A5AFF0 /* DetailViewController.swift */,
				F6A4076E260B88AC00974FFD /* Picture.swift */,
				F6CD9717260B650E00A5AFF0 /* Main.storyboard */,
				F6CD971A260B650E00A5AFF0 /* Assets.xcassets */,
				F6CD971C260B650E00A5AFF0 /* LaunchScreen.storyboard */,
				F6CD971F260B650E00A5AFF0 /* Info.plist */,
			);
			path = "milestone10-12";
			sourceTree = "<group>";
		};
/* End PBXGroup section */

/* Begin PBXNativeTarget section */
		F6CD970D260B650D00A5AFF0 /* milestone10-12 */ = {
			isa = PBXNativeTarget;
			buildConfigurationList = F6CD9722260B650E00A5AFF0 /* Build configuration list for PBXNativeTarget "milestone10-12" */;
			buildPhases = (
				F6CD970A260B650D00A5AFF0 /* Sources */,
				F6CD970B260B650D00A5AFF0 /* Frameworks */,
				F6CD970C260B650D00A5AFF0 /* Resources */,
			);
			buildRules = (
			);
			dependencies = (
			);
			name = "milestone10-12";
			productName = "milestone10-12";
			productReference = F6CD970E260B650D00A5AFF0 /* milestone10-12.app */;
			productType = "com.apple.product-type.application";
		};
/* End PBXNativeTarget section */

/* Begin PBXProject section */
		F6CD9706260B650D00A5AFF0 /* Project object */ = {
			isa = PBXProject;
			attributes = {
				LastSwiftUpdateCheck = 1240;
				LastUpgradeCheck = 1240;
				TargetAttributes = {
					F6CD970D260B650D00A5AFF0 = {
						CreatedOnToolsVersion = 12.4;
					};
				};
			};
			buildConfigurationList = F6CD9709260B650D00A5AFF0 /* Build configuration list for PBXProject "milestone10-12" */;
			compatibilityVersion = "Xcode 9.3";
			developmentRegion = en;
			hasScannedForEncodings = 0;
			knownRegions = (
				en,
				Base,
			);
			mainGroup = F6CD9705260B650D00A5AFF0;
			productRefGroup = F6CD970F260B650D00A5AFF0 /* Products */;
			projectDirPath = "";
			projectRoot = "";
			targets = (
				F6CD970D260B650D00A5AFF0 /* milestone10-12 */,
			);
		};
/* End PBXProject section */

/* Begin PBXResourcesBuildPhase section */
		F6CD970C260B650D00A5AFF0 /* Resources */ = {
			isa = PBXResourcesBuildPhase;
			buildActionMask = 2147483647;
			files = (
				F6CD971E260B650E00A5AFF0 /* LaunchScreen.storyboard in Resources */,
				F6CD971B260B650E00A5AFF0 /* Assets.xcassets in Resources */,
				F6CD9719260B650E00A5AFF0 /* Main.storyboard in Resources */,
			);
			runOnlyForDeploymentPostprocessing = 0;
		};
/* End PBXResourcesBuildPhase section */

/* Begin PBXSourcesBuildPhase section */
		F6CD970A260B650D00A5AFF0 /* Sources */ = {
			isa = PBXSourcesBuildPhase;
			buildActionMask = 2147483647;
			files = (
				F6CD9716260B650E00A5AFF0 /* ViewController.swift in Sources */,
				F6A4076F260B88AC00974FFD /* Picture.swift in Sources */,
				F6CD9712260B650E00A5AFF0 /* AppDelegate.swift in Sources */,
				F6CD9714260B650E00A5AFF0 /* SceneDelegate.swift in Sources */,
				F66C805E260CB903002BD3E4 /* helpFuncs.swift in Sources */,
				F6CD9727260B685300A5AFF0 /* DetailViewController.swift in Sources */,
			);
			runOnlyForDeploymentPostprocessing = 0;
		};
/* End PBXSourcesBuildPhase section */

/* Begin PBXVariantGroup section */
		F6CD9717260B650E00A5AFF0 /* Main.storyboard */ = {
			isa = PBXVariantGroup;
			children = (
				F6CD9718260B650E00A5AFF0 /* Base */,
			);
			name = Main.storyboard;
			sourceTree = "<group>";
		};
		F6CD971C260B650E00A5AFF0 /* LaunchScreen.storyboard */ = {
			isa = PBXVariantGroup;
			children = (
				F6CD971D260B650E00A5AFF0 /* Base */,
			);
			name = LaunchScreen.storyboard;
			sourceTree = "<group>";
		};
/* End PBXVariantGroup section */

/* Begin XCBuildConfiguration section */
		F6CD9720260B650E00A5AFF0 /* Debug */ = {
			isa = XCBuildConfiguration;
			buildSettings = {
				ALWAYS_SEARCH_USER_PATHS = NO;
				CLANG_ANALYZER_NONNULL = YES;
				CLANG_ANALYZER_NUMBER_OBJECT_CONVERSION = YES_AGGRESSIVE;
				CLANG_CXX_LANGUAGE_STANDARD = "gnu++14";
				CLANG_CXX_LIBRARY = "libc++";
				CLANG_ENABLE_MODULES = YES;
				CLANG_ENABLE_OBJC_ARC = YES;
				CLANG_ENABLE_OBJC_WEAK = YES;
				CLANG_WARN_BLOCK_CAPTURE_AUTORELEASING = YES;
				CLANG_WARN_BOOL_CONVERSION = YES;
				CLANG_WARN_COMMA = YES;
				CLANG_WARN_CONSTANT_CONVERSION = YES;
				CLANG_WARN_DEPRECATED_OBJC_IMPLEMENTATIONS = YES;
				CLANG_WARN_DIRECT_OBJC_ISA_USAGE = YES_ERROR;
				CLANG_WARN_DOCUMENTATION_COMMENTS = YES;
				CLANG_WARN_EMPTY_BODY = YES;
				CLANG_WARN_ENUM_CONVERSION = YES;
				CLANG_WARN_INFINITE_RECURSION = YES;
				CLANG_WARN_INT_CONVERSION = YES;
				CLANG_WARN_NON_LITERAL_NULL_CONVERSION = YES;
				CLANG_WARN_OBJC_IMPLICIT_RETAIN_SELF = YES;
				CLANG_WARN_OBJC_LITERAL_CONVERSION = YES;
				CLANG_WARN_OBJC_ROOT_CLASS = YES_ERROR;
				CLANG_WARN_QUOTED_INCLUDE_IN_FRAMEWORK_HEADER = YES;
				CLANG_WARN_RANGE_LOOP_ANALYSIS = YES;
				CLANG_WARN_STRICT_PROTOTYPES = YES;
				CLANG_WARN_SUSPICIOUS_MOVE = YES;
				CLANG_WARN_UNGUARDED_AVAILABILITY = YES_AGGRESSIVE;
				CLANG_WARN_UNREACHABLE_CODE = YES;
				CLANG_WARN__DUPLICATE_METHOD_MATCH = YES;
				COPY_PHASE_STRIP = NO;
				DEBUG_INFORMATION_FORMAT = dwarf;
				ENABLE_STRICT_OBJC_MSGSEND = YES;
				ENABLE_TESTABILITY = YES;
				GCC_C_LANGUAGE_STANDARD = gnu11;
				GCC_DYNAMIC_NO_PIC = NO;
				GCC_NO_COMMON_BLOCKS = YES;
				GCC_OPTIMIZATION_LEVEL = 0;
				GCC_PREPROCESSOR_DEFINITIONS = (
					"DEBUG=1",
					"$(inherited)",
				);
				GCC_WARN_64_TO_32_BIT_CONVERSION = YES;
				GCC_WARN_ABOUT_RETURN_TYPE = YES_ERROR;
				GCC_WARN_UNDECLARED_SELECTOR = YES;
				GCC_WARN_UNINITIALIZED_AUTOS = YES_AGGRESSIVE;
				GCC_WARN_UNUSED_FUNCTION = YES;
				GCC_WARN_UNUSED_VARIABLE = YES;
				IPHONEOS_DEPLOYMENT_TARGET = 14.4;
				MTL_ENABLE_DEBUG_INFO = INCLUDE_SOURCE;
				MTL_FAST_MATH = YES;
				ONLY_ACTIVE_ARCH = YES;
				SDKROOT = iphoneos;
				SWIFT_ACTIVE_COMPILATION_CONDITIONS = DEBUG;
				SWIFT_OPTIMIZATION_LEVEL = "-Onone";
			};
			name = Debug;
		};
		F6CD9721260B650E00A5AFF0 /* Release */ = {
			isa = XCBuildConfiguration;
			buildSettings = {
				ALWAYS_SEARCH_USER_PATHS = NO;
				CLANG_ANALYZER_NONNULL = YES;
				CLANG_ANALYZER_NUMBER_OBJECT_CONVERSION = YES_AGGRESSIVE;
				CLANG_CXX_LANGUAGE_STANDARD = "gnu++14";
				CLANG_CXX_LIBRARY = "libc++";
				CLANG_ENABLE_MODULES = YES;
				CLANG_ENABLE_OBJC_ARC = YES;
				CLANG_ENABLE_OBJC_WEAK = YES;
				CLANG_WARN_BLOCK_CAPTURE_AUTORELEASING = YES;
				CLANG_WARN_BOOL_CONVERSION = YES;
				CLANG_WARN_COMMA = YES;
				CLANG_WARN_CONSTANT_CONVERSION = YES;
				CLANG_WARN_DEPRECATED_OBJC_IMPLEMENTATIONS = YES;
				CLANG_WARN_DIRECT_OBJC_ISA_USAGE = YES_ERROR;
				CLANG_WARN_DOCUMENTATION_COMMENTS = YES;
				CLANG_WARN_EMPTY_BODY = YES;
				CLANG_WARN_ENUM_CONVERSION = YES;
				CLANG_WARN_INFINITE_RECURSION = YES;
				CLANG_WARN_INT_CONVERSION = YES;
				CLANG_WARN_NON_LITERAL_NULL_CONVERSION = YES;
				CLANG_WARN_OBJC_IMPLICIT_RETAIN_SELF = YES;
				CLANG_WARN_OBJC_LITERAL_CONVERSION = YES;
				CLANG_WARN_OBJC_ROOT_CLASS = YES_ERROR;
				CLANG_WARN_QUOTED_INCLUDE_IN_FRAMEWORK_HEADER = YES;
				CLANG_WARN_RANGE_LOOP_ANALYSIS = YES;
				CLANG_WARN_STRICT_PROTOTYPES = YES;
				CLANG_WARN_SUSPICIOUS_MOVE = YES;
				CLANG_WARN_UNGUARDED_AVAILABILITY = YES_AGGRESSIVE;
				CLANG_WARN_UNREACHABLE_CODE = YES;
				CLANG_WARN__DUPLICATE_METHOD_MATCH = YES;
				COPY_PHASE_STRIP = NO;
				DEBUG_INFORMATION_FORMAT = "dwarf-with-dsym";
				ENABLE_NS_ASSERTIONS = NO;
				ENABLE_STRICT_OBJC_MSGSEND = YES;
				GCC_C_LANGUAGE_STANDARD = gnu11;
				GCC_NO_COMMON_BLOCKS = YES;
				GCC_WARN_64_TO_32_BIT_CONVERSION = YES;
				GCC_WARN_ABOUT_RETURN_TYPE = YES_ERROR;
				GCC_WARN_UNDECLARED_SELECTOR = YES;
				GCC_WARN_UNINITIALIZED_AUTOS = YES_AGGRESSIVE;
				GCC_WARN_UNUSED_FUNCTION = YES;
				GCC_WARN_UNUSED_VARIABLE = YES;
				IPHONEOS_DEPLOYMENT_TARGET = 14.4;
				MTL_ENABLE_DEBUG_INFO = NO;
				MTL_FAST_MATH = YES;
				SDKROOT = iphoneos;
				SWIFT_COMPILATION_MODE = wholemodule;
				SWIFT_OPTIMIZATION_LEVEL = "-O";
				VALIDATE_PRODUCT = YES;
			};
			name = Release;
		};
		F6CD9723260B650E00A5AFF0 /* Debug */ = {
			isa = XCBuildConfiguration;
			buildSettings = {
				ASSETCATALOG_COMPILER_APPICON_NAME = AppIcon;
				ASSETCATALOG_COMPILER_GLOBAL_ACCENT_COLOR_NAME = AccentColor;
				CODE_SIGN_STYLE = Automatic;
				DEVELOPMENT_TEAM = 39B2RY64BH;
				INFOPLIST_FILE = "milestone10-12/Info.plist";
				LD_RUNPATH_SEARCH_PATHS = (
					"$(inherited)",
					"@executable_path/Frameworks",
				);
				PRODUCT_BUNDLE_IDENTIFIER = "com.ilia.moskalev.hackingwithswift.milestone10-12";
				PRODUCT_NAME = "$(TARGET_NAME)";
				SWIFT_VERSION = 5.0;
				TARGETED_DEVICE_FAMILY = "1,2";
			};
			name = Debug;
		};
		F6CD9724260B650E00A5AFF0 /* Release */ = {
			isa = XCBuildConfiguration;
			buildSettings = {
				ASSETCATALOG_COMPILER_APPICON_NAME = AppIcon;
				ASSETCATALOG_COMPILER_GLOBAL_ACCENT_COLOR_NAME = AccentColor;
				CODE_SIGN_STYLE = Automatic;
				DEVELOPMENT_TEAM = 39B2RY64BH;
				INFOPLIST_FILE = "milestone10-12/Info.plist";
				LD_RUNPATH_SEARCH_PATHS = (
					"$(inherited)",
					"@executable_path/Frameworks",
				);
				PRODUCT_BUNDLE_IDENTIFIER = "com.ilia.moskalev.hackingwithswift.milestone10-12";
				PRODUCT_NAME = "$(TARGET_NAME)";
				SWIFT_VERSION = 5.0;
				TARGETED_DEVICE_FAMILY = "1,2";
			};
			name = Release;
		};
/* End XCBuildConfiguration section */

/* Begin XCConfigurationList section */
		F6CD9709260B650D00A5AFF0 /* Build configuration list for PBXProject "milestone10-12" */ = {
			isa = XCConfigurationList;
			buildConfigurations = (
				F6CD9720260B650E00A5AFF0 /* Debug */,
				F6CD9721260B650E00A5AFF0 /* Release */,
			);
			defaultConfigurationIsVisible = 0;
			defaultConfigurationName = Release;
		};
		F6CD9722260B650E00A5AFF0 /* Build configuration list for PBXNativeTarget "milestone10-12" */ = {
			isa = XCConfigurationList;
			buildConfigurations = (
				F6CD9723260B650E00A5AFF0 /* Debug */,
				F6CD9724260B650E00A5AFF0 /* Release */,
			);
			defaultConfigurationIsVisible = 0;
			defaultConfigurationName = Release;
		};
/* End XCConfigurationList section */
	};
	rootObject = F6CD9706260B650D00A5AFF0 /* Project object */;
}
